// !$*UTF8*$!
{
	archiveVersion = 1;
	classes = {
	};
	objectVersion = 55;
	objects = {

/* Begin PBXBuildFile section */
		C313C09827AAAEBB00888A26 /* AppDelegate.swift in Sources */ = {isa = PBXBuildFile; fileRef = C313C09727AAAEBB00888A26 /* AppDelegate.swift */; };
		C313C09A27AAAEBB00888A26 /* SceneDelegate.swift in Sources */ = {isa = PBXBuildFile; fileRef = C313C09927AAAEBB00888A26 /* SceneDelegate.swift */; };
		C313C09C27AAAEBB00888A26 /* ViewController.swift in Sources */ = {isa = PBXBuildFile; fileRef = C313C09B27AAAEBB00888A26 /* ViewController.swift */; };
		C313C09F27AAAEBB00888A26 /* Main.storyboard in Resources */ = {isa = PBXBuildFile; fileRef = C313C09D27AAAEBB00888A26 /* Main.storyboard */; };
		C313C0A127AAAEBE00888A26 /* Assets.xcassets in Resources */ = {isa = PBXBuildFile; fileRef = C313C0A027AAAEBE00888A26 /* Assets.xcassets */; };
		C313C0A427AAAEBE00888A26 /* LaunchScreen.storyboard in Resources */ = {isa = PBXBuildFile; fileRef = C313C0A227AAAEBE00888A26 /* LaunchScreen.storyboard */; };
		C313C0AF27AAAEBE00888A26 /* visileanProTests.swift in Sources */ = {isa = PBXBuildFile; fileRef = C313C0AE27AAAEBE00888A26 /* visileanProTests.swift */; };
		C313C0B927AAAEBE00888A26 /* visileanProUITests.swift in Sources */ = {isa = PBXBuildFile; fileRef = C313C0B827AAAEBE00888A26 /* visileanProUITests.swift */; };
		C313C0BB27AAAEBE00888A26 /* visileanProUITestsLaunchTests.swift in Sources */ = {isa = PBXBuildFile; fileRef = C313C0BA27AAAEBE00888A26 /* visileanProUITestsLaunchTests.swift */; };
/* End PBXBuildFile section */

/* Begin PBXContainerItemProxy section */
		C313C0AB27AAAEBE00888A26 /* PBXContainerItemProxy */ = {
			isa = PBXContainerItemProxy;
			containerPortal = C313C08C27AAAEBB00888A26 /* Project object */;
			proxyType = 1;
			remoteGlobalIDString = C313C09327AAAEBB00888A26;
			remoteInfo = visileanPro;
		};
		C313C0B527AAAEBE00888A26 /* PBXContainerItemProxy */ = {
			isa = PBXContainerItemProxy;
			containerPortal = C313C08C27AAAEBB00888A26 /* Project object */;
			proxyType = 1;
			remoteGlobalIDString = C313C09327AAAEBB00888A26;
			remoteInfo = visileanPro;
		};
/* End PBXContainerItemProxy section */

/* Begin PBXFileReference section */
		C313C09427AAAEBB00888A26 /* visileanPro.app */ = {isa = PBXFileReference; explicitFileType = wrapper.application; includeInIndex = 0; path = visileanPro.app; sourceTree = BUILT_PRODUCTS_DIR; };
		C313C09727AAAEBB00888A26 /* AppDelegate.swift */ = {isa = PBXFileReference; lastKnownFileType = sourcecode.swift; path = AppDelegate.swift; sourceTree = "<group>"; };
		C313C09927AAAEBB00888A26 /* SceneDelegate.swift */ = {isa = PBXFileReference; lastKnownFileType = sourcecode.swift; path = SceneDelegate.swift; sourceTree = "<group>"; };
		C313C09B27AAAEBB00888A26 /* ViewController.swift */ = {isa = PBXFileReference; lastKnownFileType = sourcecode.swift; path = ViewController.swift; sourceTree = "<group>"; };
		C313C09E27AAAEBB00888A26 /* Base */ = {isa = PBXFileReference; lastKnownFileType = file.storyboard; name = Base; path = Base.lproj/Main.storyboard; sourceTree = "<group>"; };
		C313C0A027AAAEBE00888A26 /* Assets.xcassets */ = {isa = PBXFileReference; lastKnownFileType = folder.assetcatalog; path = Assets.xcassets; sourceTree = "<group>"; };
		C313C0A327AAAEBE00888A26 /* Base */ = {isa = PBXFileReference; lastKnownFileType = file.storyboard; name = Base; path = Base.lproj/LaunchScreen.storyboard; sourceTree = "<group>"; };
		C313C0A527AAAEBE00888A26 /* Info.plist */ = {isa = PBXFileReference; lastKnownFileType = text.plist.xml; path = Info.plist; sourceTree = "<group>"; };
		C313C0AA27AAAEBE00888A26 /* visileanProTests.xctest */ = {isa = PBXFileReference; explicitFileType = wrapper.cfbundle; includeInIndex = 0; path = visileanProTests.xctest; sourceTree = BUILT_PRODUCTS_DIR; };
		C313C0AE27AAAEBE00888A26 /* visileanProTests.swift */ = {isa = PBXFileReference; lastKnownFileType = sourcecode.swift; path = visileanProTests.swift; sourceTree = "<group>"; };
		C313C0B427AAAEBE00888A26 /* visileanProUITests.xctest */ = {isa = PBXFileReference; explicitFileType = wrapper.cfbundle; includeInIndex = 0; path = visileanProUITests.xctest; sourceTree = BUILT_PRODUCTS_DIR; };
		C313C0B827AAAEBE00888A26 /* visileanProUITests.swift */ = {isa = PBXFileReference; lastKnownFileType = sourcecode.swift; path = visileanProUITests.swift; sourceTree = "<group>"; };
		C313C0BA27AAAEBE00888A26 /* visileanProUITestsLaunchTests.swift */ = {isa = PBXFileReference; lastKnownFileType = sourcecode.swift; path = visileanProUITestsLaunchTests.swift; sourceTree = "<group>"; };
/* End PBXFileReference section */

/* Begin PBXFrameworksBuildPhase section */
		C313C09127AAAEBB00888A26 /* Frameworks */ = {
			isa = PBXFrameworksBuildPhase;
			buildActionMask = 2147483647;
			files = (
			);
			runOnlyForDeploymentPostprocessing = 0;
		};
		C313C0A727AAAEBE00888A26 /* Frameworks */ = {
			isa = PBXFrameworksBuildPhase;
			buildActionMask = 2147483647;
			files = (
			);
			runOnlyForDeploymentPostprocessing = 0;
		};
		C313C0B127AAAEBE00888A26 /* Frameworks */ = {
			isa = PBXFrameworksBuildPhase;
			buildActionMask = 2147483647;
			files = (
			);
			runOnlyForDeploymentPostprocessing = 0;
		};
/* End PBXFrameworksBuildPhase section */

/* Begin PBXGroup section */
		C313C08B27AAAEBB00888A26 = {
			isa = PBXGroup;
			children = (
				C313C09627AAAEBB00888A26 /* visileanPro */,
				C313C0AD27AAAEBE00888A26 /* visileanProTests */,
				C313C0B727AAAEBE00888A26 /* visileanProUITests */,
				C313C09527AAAEBB00888A26 /* Products */,
			);
			sourceTree = "<group>";
		};
		C313C09527AAAEBB00888A26 /* Products */ = {
			isa = PBXGroup;
			children = (
				C313C09427AAAEBB00888A26 /* visileanPro.app */,
				C313C0AA27AAAEBE00888A26 /* visileanProTests.xctest */,
				C313C0B427AAAEBE00888A26 /* visileanProUITests.xctest */,
			);
			name = Products;
			sourceTree = "<group>";
		};
		C313C09627AAAEBB00888A26 /* visileanPro */ = {
			isa = PBXGroup;
			children = (
				C313C09727AAAEBB00888A26 /* AppDelegate.swift */,
				C313C09927AAAEBB00888A26 /* SceneDelegate.swift */,
				C313C09B27AAAEBB00888A26 /* ViewController.swift */,
				C313C09D27AAAEBB00888A26 /* Main.storyboard */,
				C313C0A027AAAEBE00888A26 /* Assets.xcassets */,
				C313C0A227AAAEBE00888A26 /* LaunchScreen.storyboard */,
				C313C0A527AAAEBE00888A26 /* Info.plist */,
			);
			path = visileanPro;
			sourceTree = "<group>";
		};
		C313C0AD27AAAEBE00888A26 /* visileanProTests */ = {
			isa = PBXGroup;
			children = (
				C313C0AE27AAAEBE00888A26 /* visileanProTests.swift */,
			);
			path = visileanProTests;
			sourceTree = "<group>";
		};
		C313C0B727AAAEBE00888A26 /* visileanProUITests */ = {
			isa = PBXGroup;
			children = (
				C313C0B827AAAEBE00888A26 /* visileanProUITests.swift */,
				C313C0BA27AAAEBE00888A26 /* visileanProUITestsLaunchTests.swift */,
			);
			path = visileanProUITests;
			sourceTree = "<group>";
		};
/* End PBXGroup section */

/* Begin PBXNativeTarget section */
		C313C09327AAAEBB00888A26 /* visileanPro */ = {
			isa = PBXNativeTarget;
			buildConfigurationList = C313C0BE27AAAEBE00888A26 /* Build configuration list for PBXNativeTarget "visileanPro" */;
			buildPhases = (
				C313C09027AAAEBB00888A26 /* Sources */,
				C313C09127AAAEBB00888A26 /* Frameworks */,
				C313C09227AAAEBB00888A26 /* Resources */,
			);
			buildRules = (
			);
			dependencies = (
			);
			name = visileanPro;
			productName = visileanPro;
			productReference = C313C09427AAAEBB00888A26 /* visileanPro.app */;
			productType = "com.apple.product-type.application";
		};
		C313C0A927AAAEBE00888A26 /* visileanProTests */ = {
			isa = PBXNativeTarget;
			buildConfigurationList = C313C0C127AAAEBE00888A26 /* Build configuration list for PBXNativeTarget "visileanProTests" */;
			buildPhases = (
				C313C0A627AAAEBE00888A26 /* Sources */,
				C313C0A727AAAEBE00888A26 /* Frameworks */,
				C313C0A827AAAEBE00888A26 /* Resources */,
			);
			buildRules = (
			);
			dependencies = (
				C313C0AC27AAAEBE00888A26 /* PBXTargetDependency */,
			);
			name = visileanProTests;
			productName = visileanProTests;
			productReference = C313C0AA27AAAEBE00888A26 /* visileanProTests.xctest */;
			productType = "com.apple.product-type.bundle.unit-test";
		};
		C313C0B327AAAEBE00888A26 /* visileanProUITests */ = {
			isa = PBXNativeTarget;
			buildConfigurationList = C313C0C427AAAEBE00888A26 /* Build configuration list for PBXNativeTarget "visileanProUITests" */;
			buildPhases = (
				C313C0B027AAAEBE00888A26 /* Sources */,
				C313C0B127AAAEBE00888A26 /* Frameworks */,
				C313C0B227AAAEBE00888A26 /* Resources */,
			);
			buildRules = (
			);
			dependencies = (
				C313C0B627AAAEBE00888A26 /* PBXTargetDependency */,
			);
			name = visileanProUITests;
			productName = visileanProUITests;
			productReference = C313C0B427AAAEBE00888A26 /* visileanProUITests.xctest */;
			productType = "com.apple.product-type.bundle.ui-testing";
		};
/* End PBXNativeTarget section */

/* Begin PBXProject section */
		C313C08C27AAAEBB00888A26 /* Project object */ = {
			isa = PBXProject;
			attributes = {
				BuildIndependentTargetsInParallel = 1;
				LastSwiftUpdateCheck = 1300;
				LastUpgradeCheck = 1300;
				TargetAttributes = {
					C313C09327AAAEBB00888A26 = {
						CreatedOnToolsVersion = 13.0;
					};
					C313C0A927AAAEBE00888A26 = {
						CreatedOnToolsVersion = 13.0;
						TestTargetID = C313C09327AAAEBB00888A26;
					};
					C313C0B327AAAEBE00888A26 = {
						CreatedOnToolsVersion = 13.0;
						TestTargetID = C313C09327AAAEBB00888A26;
					};
				};
			};
			buildConfigurationList = C313C08F27AAAEBB00888A26 /* Build configuration list for PBXProject "visileanPro" */;
			compatibilityVersion = "Xcode 13.0";
			developmentRegion = en;
			hasScannedForEncodings = 0;
			knownRegions = (
				en,
				Base,
			);
			mainGroup = C313C08B27AAAEBB00888A26;
			productRefGroup = C313C09527AAAEBB00888A26 /* Products */;
			projectDirPath = "";
			projectRoot = "";
			targets = (
				C313C09327AAAEBB00888A26 /* visileanPro */,
				C313C0A927AAAEBE00888A26 /* visileanProTests */,
				C313C0B327AAAEBE00888A26 /* visileanProUITests */,
			);
		};
/* End PBXProject section */

/* Begin PBXResourcesBuildPhase section */
		C313C09227AAAEBB00888A26 /* Resources */ = {
			isa = PBXResourcesBuildPhase;
			buildActionMask = 2147483647;
			files = (
				C313C0A427AAAEBE00888A26 /* LaunchScreen.storyboard in Resources */,
				C313C0A127AAAEBE00888A26 /* Assets.xcassets in Resources */,
				C313C09F27AAAEBB00888A26 /* Main.storyboard in Resources */,
			);
			runOnlyForDeploymentPostprocessing = 0;
		};
		C313C0A827AAAEBE00888A26 /* Resources */ = {
			isa = PBXResourcesBuildPhase;
			buildActionMask = 2147483647;
			files = (
			);
			runOnlyForDeploymentPostprocessing = 0;
		};
		C313C0B227AAAEBE00888A26 /* Resources */ = {
			isa = PBXResourcesBuildPhase;
			buildActionMask = 2147483647;
			files = (
			);
			runOnlyForDeploymentPostprocessing = 0;
		};
/* End PBXResourcesBuildPhase section */

/* Begin PBXSourcesBuildPhase section */
		C313C09027AAAEBB00888A26 /* Sources */ = {
			isa = PBXSourcesBuildPhase;
			buildActionMask = 2147483647;
			files = (
				C313C09C27AAAEBB00888A26 /* ViewController.swift in Sources */,
				C313C09827AAAEBB00888A26 /* AppDelegate.swift in Sources */,
				C313C09A27AAAEBB00888A26 /* SceneDelegate.swift in Sources */,
			);
			runOnlyForDeploymentPostprocessing = 0;
		};
		C313C0A627AAAEBE00888A26 /* Sources */ = {
			isa = PBXSourcesBuildPhase;
			buildActionMask = 2147483647;
			files = (
				C313C0AF27AAAEBE00888A26 /* visileanProTests.swift in Sources */,
			);
			runOnlyForDeploymentPostprocessing = 0;
		};
		C313C0B027AAAEBE00888A26 /* Sources */ = {
			isa = PBXSourcesBuildPhase;
			buildActionMask = 2147483647;
			files = (
				C313C0B927AAAEBE00888A26 /* visileanProUITests.swift in Sources */,
				C313C0BB27AAAEBE00888A26 /* visileanProUITestsLaunchTests.swift in Sources */,
			);
			runOnlyForDeploymentPostprocessing = 0;
		};
/* End PBXSourcesBuildPhase section */

/* Begin PBXTargetDependency section */
		C313C0AC27AAAEBE00888A26 /* PBXTargetDependency */ = {
			isa = PBXTargetDependency;
			target = C313C09327AAAEBB00888A26 /* visileanPro */;
			targetProxy = C313C0AB27AAAEBE00888A26 /* PBXContainerItemProxy */;
		};
		C313C0B627AAAEBE00888A26 /* PBXTargetDependency */ = {
			isa = PBXTargetDependency;
			target = C313C09327AAAEBB00888A26 /* visileanPro */;
			targetProxy = C313C0B527AAAEBE00888A26 /* PBXContainerItemProxy */;
		};
/* End PBXTargetDependency section */

/* Begin PBXVariantGroup section */
		C313C09D27AAAEBB00888A26 /* Main.storyboard */ = {
			isa = PBXVariantGroup;
			children = (
				C313C09E27AAAEBB00888A26 /* Base */,
			);
			name = Main.storyboard;
			sourceTree = "<group>";
		};
		C313C0A227AAAEBE00888A26 /* LaunchScreen.storyboard */ = {
			isa = PBXVariantGroup;
			children = (
				C313C0A327AAAEBE00888A26 /* Base */,
			);
			name = LaunchScreen.storyboard;
			sourceTree = "<group>";
		};
/* End PBXVariantGroup section */

/* Begin XCBuildConfiguration section */
		C313C0BC27AAAEBE00888A26 /* Debug */ = {
			isa = XCBuildConfiguration;
			buildSettings = {
				ALWAYS_SEARCH_USER_PATHS = NO;
				CLANG_ANALYZER_NONNULL = YES;
				CLANG_ANALYZER_NUMBER_OBJECT_CONVERSION = YES_AGGRESSIVE;
				CLANG_CXX_LANGUAGE_STANDARD = "gnu++17";
				CLANG_CXX_LIBRARY = "libc++";
				CLANG_ENABLE_MODULES = YES;
				CLANG_ENABLE_OBJC_ARC = YES;
				CLANG_ENABLE_OBJC_WEAK = YES;
				CLANG_WARN_BLOCK_CAPTURE_AUTORELEASING = YES;
				CLANG_WARN_BOOL_CONVERSION = YES;
				CLANG_WARN_COMMA = YES;
				CLANG_WARN_CONSTANT_CONVERSION = YES;
				CLANG_WARN_DEPRECATED_OBJC_IMPLEMENTATIONS = YES;
				CLANG_WARN_DIRECT_OBJC_ISA_USAGE = YES_ERROR;
				CLANG_WARN_DOCUMENTATION_COMMENTS = YES;
				CLANG_WARN_EMPTY_BODY = YES;
				CLANG_WARN_ENUM_CONVERSION = YES;
				CLANG_WARN_INFINITE_RECURSION = YES;
				CLANG_WARN_INT_CONVERSION = YES;
				CLANG_WARN_NON_LITERAL_NULL_CONVERSION = YES;
				CLANG_WARN_OBJC_IMPLICIT_RETAIN_SELF = YES;
				CLANG_WARN_OBJC_LITERAL_CONVERSION = YES;
				CLANG_WARN_OBJC_ROOT_CLASS = YES_ERROR;
				CLANG_WARN_QUOTED_INCLUDE_IN_FRAMEWORK_HEADER = YES;
				CLANG_WARN_RANGE_LOOP_ANALYSIS = YES;
				CLANG_WARN_STRICT_PROTOTYPES = YES;
				CLANG_WARN_SUSPICIOUS_MOVE = YES;
				CLANG_WARN_UNGUARDED_AVAILABILITY = YES_AGGRESSIVE;
				CLANG_WARN_UNREACHABLE_CODE = YES;
				CLANG_WARN__DUPLICATE_METHOD_MATCH = YES;
				COPY_PHASE_STRIP = NO;
				DEBUG_INFORMATION_FORMAT = dwarf;
				ENABLE_STRICT_OBJC_MSGSEND = YES;
				ENABLE_TESTABILITY = YES;
				GCC_C_LANGUAGE_STANDARD = gnu11;
				GCC_DYNAMIC_NO_PIC = NO;
				GCC_NO_COMMON_BLOCKS = YES;
				GCC_OPTIMIZATION_LEVEL = 0;
				GCC_PREPROCESSOR_DEFINITIONS = (
					"DEBUG=1",
					"$(inherited)",
				);
				GCC_WARN_64_TO_32_BIT_CONVERSION = YES;
				GCC_WARN_ABOUT_RETURN_TYPE = YES_ERROR;
				GCC_WARN_UNDECLARED_SELECTOR = YES;
				GCC_WARN_UNINITIALIZED_AUTOS = YES_AGGRESSIVE;
				GCC_WARN_UNUSED_FUNCTION = YES;
				GCC_WARN_UNUSED_VARIABLE = YES;
				IPHONEOS_DEPLOYMENT_TARGET = 15.0;
				MTL_ENABLE_DEBUG_INFO = INCLUDE_SOURCE;
				MTL_FAST_MATH = YES;
				ONLY_ACTIVE_ARCH = YES;
				SDKROOT = iphoneos;
				SWIFT_ACTIVE_COMPILATION_CONDITIONS = DEBUG;
				SWIFT_OPTIMIZATION_LEVEL = "-Onone";
			};
			name = Debug;
		};
		C313C0BD27AAAEBE00888A26 /* Release */ = {
			isa = XCBuildConfiguration;
			buildSettings = {
				ALWAYS_SEARCH_USER_PATHS = NO;
				CLANG_ANALYZER_NONNULL = YES;
				CLANG_ANALYZER_NUMBER_OBJECT_CONVERSION = YES_AGGRESSIVE;
				CLANG_CXX_LANGUAGE_STANDARD = "gnu++17";
				CLANG_CXX_LIBRARY = "libc++";
				CLANG_ENABLE_MODULES = YES;
				CLANG_ENABLE_OBJC_ARC = YES;
				CLANG_ENABLE_OBJC_WEAK = YES;
				CLANG_WARN_BLOCK_CAPTURE_AUTORELEASING = YES;
				CLANG_WARN_BOOL_CONVERSION = YES;
				CLANG_WARN_COMMA = YES;
				CLANG_WARN_CONSTANT_CONVERSION = YES;
				CLANG_WARN_DEPRECATED_OBJC_IMPLEMENTATIONS = YES;
				CLANG_WARN_DIRECT_OBJC_ISA_USAGE = YES_ERROR;
				CLANG_WARN_DOCUMENTATION_COMMENTS = YES;
				CLANG_WARN_EMPTY_BODY = YES;
				CLANG_WARN_ENUM_CONVERSION = YES;
				CLANG_WARN_INFINITE_RECURSION = YES;
				CLANG_WARN_INT_CONVERSION = YES;
				CLANG_WARN_NON_LITERAL_NULL_CONVERSION = YES;
				CLANG_WARN_OBJC_IMPLICIT_RETAIN_SELF = YES;
				CLANG_WARN_OBJC_LITERAL_CONVERSION = YES;
				CLANG_WARN_OBJC_ROOT_CLASS = YES_ERROR;
				CLANG_WARN_QUOTED_INCLUDE_IN_FRAMEWORK_HEADER = YES;
				CLANG_WARN_RANGE_LOOP_ANALYSIS = YES;
				CLANG_WARN_STRICT_PROTOTYPES = YES;
				CLANG_WARN_SUSPICIOUS_MOVE = YES;
				CLANG_WARN_UNGUARDED_AVAILABILITY = YES_AGGRESSIVE;
				CLANG_WARN_UNREACHABLE_CODE = YES;
				CLANG_WARN__DUPLICATE_METHOD_MATCH = YES;
				COPY_PHASE_STRIP = NO;
				DEBUG_INFORMATION_FORMAT = "dwarf-with-dsym";
				ENABLE_NS_ASSERTIONS = NO;
				ENABLE_STRICT_OBJC_MSGSEND = YES;
				GCC_C_LANGUAGE_STANDARD = gnu11;
				GCC_NO_COMMON_BLOCKS = YES;
				GCC_WARN_64_TO_32_BIT_CONVERSION = YES;
				GCC_WARN_ABOUT_RETURN_TYPE = YES_ERROR;
				GCC_WARN_UNDECLARED_SELECTOR = YES;
				GCC_WARN_UNINITIALIZED_AUTOS = YES_AGGRESSIVE;
				GCC_WARN_UNUSED_FUNCTION = YES;
				GCC_WARN_UNUSED_VARIABLE = YES;
				IPHONEOS_DEPLOYMENT_TARGET = 15.0;
				MTL_ENABLE_DEBUG_INFO = NO;
				MTL_FAST_MATH = YES;
				SDKROOT = iphoneos;
				SWIFT_COMPILATION_MODE = wholemodule;
				SWIFT_OPTIMIZATION_LEVEL = "-O";
				VALIDATE_PRODUCT = YES;
			};
			name = Release;
		};
		C313C0BF27AAAEBE00888A26 /* Debug */ = {
			isa = XCBuildConfiguration;
			buildSettings = {
				ASSETCATALOG_COMPILER_APPICON_NAME = AppIcon;
				ASSETCATALOG_COMPILER_GLOBAL_ACCENT_COLOR_NAME = AccentColor;
				CODE_SIGN_STYLE = Automatic;
				CURRENT_PROJECT_VERSION = 1;
				DEVELOPMENT_TEAM = R8354GBK74;
				GENERATE_INFOPLIST_FILE = YES;
				INFOPLIST_FILE = visileanPro/Info.plist;
				INFOPLIST_KEY_UIApplicationSupportsIndirectInputEvents = YES;
				INFOPLIST_KEY_UILaunchStoryboardName = LaunchScreen;
				INFOPLIST_KEY_UIMainStoryboardFile = Main;
				INFOPLIST_KEY_UISupportedInterfaceOrientations_iPad = "UIInterfaceOrientationPortrait UIInterfaceOrientationPortraitUpsideDown UIInterfaceOrientationLandscapeLeft UIInterfaceOrientationLandscapeRight";
				INFOPLIST_KEY_UISupportedInterfaceOrientations_iPhone = "UIInterfaceOrientationPortrait UIInterfaceOrientationLandscapeLeft UIInterfaceOrientationLandscapeRight";
				LD_RUNPATH_SEARCH_PATHS = (
					"$(inherited)",
					"@executable_path/Frameworks",
				);
				MARKETING_VERSION = 1.0;
				PRODUCT_BUNDLE_IDENTIFIER = visilean.visileanPro;
				PRODUCT_NAME = "$(TARGET_NAME)";
				SWIFT_EMIT_LOC_STRINGS = YES;
				SWIFT_VERSION = 5.0;
				TARGETED_DEVICE_FAMILY = "1,2";
			};
			name = Debug;
		};
		C313C0C027AAAEBE00888A26 /* Release */ = {
			isa = XCBuildConfiguration;
			buildSettings = {
				ASSETCATALOG_COMPILER_APPICON_NAME = AppIcon;
				ASSETCATALOG_COMPILER_GLOBAL_ACCENT_COLOR_NAME = AccentColor;
				CODE_SIGN_STYLE = Automatic;
				CURRENT_PROJECT_VERSION = 1;
				DEVELOPMENT_TEAM = R8354GBK74;
				GENERATE_INFOPLIST_FILE = YES;
				INFOPLIST_FILE = visileanPro/Info.plist;
				INFOPLIST_KEY_UIApplicationSupportsIndirectInputEvents = YES;
				INFOPLIST_KEY_UILaunchStoryboardName = LaunchScreen;
				INFOPLIST_KEY_UIMainStoryboardFile = Main;
				INFOPLIST_KEY_UISupportedInterfaceOrientations_iPad = "UIInterfaceOrientationPortrait UIInterfaceOrientationPortraitUpsideDown UIInterfaceOrientationLandscapeLeft UIInterfaceOrientationLandscapeRight";
				INFOPLIST_KEY_UISupportedInterfaceOrientations_iPhone = "UIInterfaceOrientationPortrait UIInterfaceOrientationLandscapeLeft UIInterfaceOrientationLandscapeRight";
				LD_RUNPATH_SEARCH_PATHS = (
					"$(inherited)",
					"@executable_path/Frameworks",
				);
				MARKETING_VERSION = 1.0;
				PRODUCT_BUNDLE_IDENTIFIER = visilean.visileanPro;
				PRODUCT_NAME = "$(TARGET_NAME)";
				SWIFT_EMIT_LOC_STRINGS = YES;
				SWIFT_VERSION = 5.0;
				TARGETED_DEVICE_FAMILY = "1,2";
			};
			name = Release;
		};
		C313C0C227AAAEBE00888A26 /* Debug */ = {
			isa = XCBuildConfiguration;
			buildSettings = {
				ALWAYS_EMBED_SWIFT_STANDARD_LIBRARIES = YES;
				BUNDLE_LOADER = "$(TEST_HOST)";
				CODE_SIGN_STYLE = Automatic;
				CURRENT_PROJECT_VERSION = 1;
				DEVELOPMENT_TEAM = R8354GBK74;
				GENERATE_INFOPLIST_FILE = YES;
				IPHONEOS_DEPLOYMENT_TARGET = 15.0;
				LD_RUNPATH_SEARCH_PATHS = (
					"$(inherited)",
					"@executable_path/Frameworks",
					"@loader_path/Frameworks",
				);
				MARKETING_VERSION = 1.0;
				PRODUCT_BUNDLE_IDENTIFIER = visilean.visileanProTests;
				PRODUCT_NAME = "$(TARGET_NAME)";
				SWIFT_EMIT_LOC_STRINGS = NO;
				SWIFT_VERSION = 5.0;
				TARGETED_DEVICE_FAMILY = "1,2";
				TEST_HOST = "$(BUILT_PRODUCTS_DIR)/visileanPro.app/visileanPro";
			};
			name = Debug;
		};
		C313C0C327AAAEBE00888A26 /* Release */ = {
			isa = XCBuildConfiguration;
			buildSettings = {
				ALWAYS_EMBED_SWIFT_STANDARD_LIBRARIES = YES;
				BUNDLE_LOADER = "$(TEST_HOST)";
				CODE_SIGN_STYLE = Automatic;
				CURRENT_PROJECT_VERSION = 1;
				DEVELOPMENT_TEAM = R8354GBK74;
				GENERATE_INFOPLIST_FILE = YES;
				IPHONEOS_DEPLOYMENT_TARGET = 15.0;
				LD_RUNPATH_SEARCH_PATHS = (
					"$(inherited)",
					"@executable_path/Frameworks",
					"@loader_path/Frameworks",
				);
				MARKETING_VERSION = 1.0;
				PRODUCT_BUNDLE_IDENTIFIER = visilean.visileanProTests;
				PRODUCT_NAME = "$(TARGET_NAME)";
				SWIFT_EMIT_LOC_STRINGS = NO;
				SWIFT_VERSION = 5.0;
				TARGETED_DEVICE_FAMILY = "1,2";
				TEST_HOST = "$(BUILT_PRODUCTS_DIR)/visileanPro.app/visileanPro";
			};
			name = Release;
		};
		C313C0C527AAAEBE00888A26 /* Debug */ = {
			isa = XCBuildConfiguration;
			buildSettings = {
				ALWAYS_EMBED_SWIFT_STANDARD_LIBRARIES = YES;
				CODE_SIGN_STYLE = Automatic;
				CURRENT_PROJECT_VERSION = 1;
				DEVELOPMENT_TEAM = R8354GBK74;
				GENERATE_INFOPLIST_FILE = YES;
				LD_RUNPATH_SEARCH_PATHS = (
					"$(inherited)",
					"@executable_path/Frameworks",
					"@loader_path/Frameworks",
				);
				MARKETING_VERSION = 1.0;
				PRODUCT_BUNDLE_IDENTIFIER = visilean.visileanProUITests;
				PRODUCT_NAME = "$(TARGET_NAME)";
				SWIFT_EMIT_LOC_STRINGS = NO;
				SWIFT_VERSION = 5.0;
				TARGETED_DEVICE_FAMILY = "1,2";
				TEST_TARGET_NAME = visileanPro;
			};
			name = Debug;
		};
		C313C0C627AAAEBE00888A26 /* Release */ = {
			isa = XCBuildConfiguration;
			buildSettings = {
				ALWAYS_EMBED_SWIFT_STANDARD_LIBRARIES = YES;
				CODE_SIGN_STYLE = Automatic;
				CURRENT_PROJECT_VERSION = 1;
				DEVELOPMENT_TEAM = R8354GBK74;
				GENERATE_INFOPLIST_FILE = YES;
				LD_RUNPATH_SEARCH_PATHS = (
					"$(inherited)",
					"@executable_path/Frameworks",
					"@loader_path/Frameworks",
				);
				MARKETING_VERSION = 1.0;
				PRODUCT_BUNDLE_IDENTIFIER = visilean.visileanProUITests;
				PRODUCT_NAME = "$(TARGET_NAME)";
				SWIFT_EMIT_LOC_STRINGS = NO;
				SWIFT_VERSION = 5.0;
				TARGETED_DEVICE_FAMILY = "1,2";
				TEST_TARGET_NAME = visileanPro;
			};
			name = Release;
		};
/* End XCBuildConfiguration section */

/* Begin XCConfigurationList section */
		C313C08F27AAAEBB00888A26 /* Build configuration list for PBXProject "visileanPro" */ = {
			isa = XCConfigurationList;
			buildConfigurations = (
				C313C0BC27AAAEBE00888A26 /* Debug */,
				C313C0BD27AAAEBE00888A26 /* Release */,
			);
			defaultConfigurationIsVisible = 0;
			defaultConfigurationName = Release;
		};
		C313C0BE27AAAEBE00888A26 /* Build configuration list for PBXNativeTarget "visileanPro" */ = {
			isa = XCConfigurationList;
			buildConfigurations = (
				C313C0BF27AAAEBE00888A26 /* Debug */,
				C313C0C027AAAEBE00888A26 /* Release */,
			);
			defaultConfigurationIsVisible = 0;
			defaultConfigurationName = Release;
		};
		C313C0C127AAAEBE00888A26 /* Build configuration list for PBXNativeTarget "visileanProTests" */ = {
			isa = XCConfigurationList;
			buildConfigurations = (
				C313C0C227AAAEBE00888A26 /* Debug */,
				C313C0C327AAAEBE00888A26 /* Release */,
			);
			defaultConfigurationIsVisible = 0;
			defaultConfigurationName = Release;
		};
		C313C0C427AAAEBE00888A26 /* Build configuration list for PBXNativeTarget "visileanProUITests" */ = {
			isa = XCConfigurationList;
			buildConfigurations = (
				C313C0C527AAAEBE00888A26 /* Debug */,
				C313C0C627AAAEBE00888A26 /* Release */,
			);
			defaultConfigurationIsVisible = 0;
			defaultConfigurationName = Release;
		};
/* End XCConfigurationList section */
	};
	rootObject = C313C08C27AAAEBB00888A26 /* Project object */;
}
